
Microsoft Visual Studio Solution File, Format Version 12.00
# Visual Studio Version 17
VisualStudioVersion = 17.5.33424.131
MinimumVisualStudioVersion = 10.0.40219.1
Project("{2150E333-8FDC-42A3-9474-1A3956D46DE8}") = "src", "src", "{D4ED1DCE-8D79-46E3-A17C-CFC1668E9292}"
EndProject
Project("{9A19103F-16F7-4668-BE54-9A1E7A4F7556}") = "RedisShared", "src\Shared\RedisShared\RedisShared.csproj", "{73F05950-8539-4BF7-BED0-86669F16A8F2}"
EndProject
Project("{9A19103F-16F7-4668-BE54-9A1E7A4F7556}") = "LoanBranch", "src\LoanBranch\LoanBranch.csproj", "{DB543F06-EA9C-4A3A-88A8-2A9FD06450C8}"
EndProject
Project("{2150E333-8FDC-42A3-9474-1A3956D46DE8}") = "tests", "tests", "{EAB536A9-0015-4397-B599-FBB245549F8D}"
EndProject
Project("{9A19103F-16F7-4668-BE54-9A1E7A4F7556}") = "PublishSubscribeTests", "tests\PublisjSubscribeTests\PublishSubscribeTests.csproj", "{621090C5-6440-444A-B624-71C9D9FBC015}"
EndProject
Project("{9A19103F-16F7-4668-BE54-9A1E7A4F7556}") = "DepositBranch", "src\DepositBranch\DepositBranch.csproj", "{44328968-D084-400E-878D-3B3FDB191562}"
EndProject
Project("{9A19103F-16F7-4668-BE54-9A1E7A4F7556}") = "CentralBank", "src\CentralBank\CentralBank.csproj", "{ACE251B6-5E11-4CEE-A67D-DC81399280A7}"
EndProject
Global
	GlobalSection(SolutionConfigurationPlatforms) = preSolution
		Debug|Any CPU = Debug|Any CPU
		Release|Any CPU = Release|Any CPU
	EndGlobalSection
	GlobalSection(ProjectConfigurationPlatforms) = postSolution
		{73F05950-8539-4BF7-BED0-86669F16A8F2}.Debug|Any CPU.ActiveCfg = Debug|Any CPU
		{73F05950-8539-4BF7-BED0-86669F16A8F2}.Debug|Any CPU.Build.0 = Debug|Any CPU
		{73F05950-8539-4BF7-BED0-86669F16A8F2}.Release|Any CPU.ActiveCfg = Release|Any CPU
		{73F05950-8539-4BF7-BED0-86669F16A8F2}.Release|Any CPU.Build.0 = Release|Any CPU
		{DB543F06-EA9C-4A3A-88A8-2A9FD06450C8}.Debug|Any CPU.ActiveCfg = Debug|Any CPU
		{DB543F06-EA9C-4A3A-88A8-2A9FD06450C8}.Debug|Any CPU.Build.0 = Debug|Any CPU
		{DB543F06-EA9C-4A3A-88A8-2A9FD06450C8}.Release|Any CPU.ActiveCfg = Release|Any CPU
		{DB543F06-EA9C-4A3A-88A8-2A9FD06450C8}.Release|Any CPU.Build.0 = Release|Any CPU
		{621090C5-6440-444A-B624-71C9D9FBC015}.Debug|Any CPU.ActiveCfg = Debug|Any CPU
		{621090C5-6440-444A-B624-71C9D9FBC015}.Debug|Any CPU.Build.0 = Debug|Any CPU
		{621090C5-6440-444A-B624-71C9D9FBC015}.Release|Any CPU.ActiveCfg = Release|Any CPU
		{621090C5-6440-444A-B624-71C9D9FBC015}.Release|Any CPU.Build.0 = Release|Any CPU
		{44328968-D084-400E-878D-3B3FDB191562}.Debug|Any CPU.ActiveCfg = Debug|Any CPU
		{44328968-D084-400E-878D-3B3FDB191562}.Debug|Any CPU.Build.0 = Debug|Any CPU
		{44328968-D084-400E-878D-3B3FDB191562}.Release|Any CPU.ActiveCfg = Release|Any CPU
		{44328968-D084-400E-878D-3B3FDB191562}.Release|Any CPU.Build.0 = Release|Any CPU
		{ACE251B6-5E11-4CEE-A67D-DC81399280A7}.Debug|Any CPU.ActiveCfg = Debug|Any CPU
		{ACE251B6-5E11-4CEE-A67D-DC81399280A7}.Debug|Any CPU.Build.0 = Debug|Any CPU
		{ACE251B6-5E11-4CEE-A67D-DC81399280A7}.Release|Any CPU.ActiveCfg = Release|Any CPU
		{ACE251B6-5E11-4CEE-A67D-DC81399280A7}.Release|Any CPU.Build.0 = Release|Any CPU
	EndGlobalSection
	GlobalSection(SolutionProperties) = preSolution
		HideSolutionNode = FALSE
	EndGlobalSection
	GlobalSection(NestedProjects) = preSolution
		{73F05950-8539-4BF7-BED0-86669F16A8F2} = {D4ED1DCE-8D79-46E3-A17C-CFC1668E9292}
		{DB543F06-EA9C-4A3A-88A8-2A9FD06450C8} = {D4ED1DCE-8D79-46E3-A17C-CFC1668E9292}
		{621090C5-6440-444A-B624-71C9D9FBC015} = {EAB536A9-0015-4397-B599-FBB245549F8D}
		{44328968-D084-400E-878D-3B3FDB191562} = {D4ED1DCE-8D79-46E3-A17C-CFC1668E9292}
		{ACE251B6-5E11-4CEE-A67D-DC81399280A7} = {D4ED1DCE-8D79-46E3-A17C-CFC1668E9292}
	EndGlobalSection
	GlobalSection(ExtensibilityGlobals) = postSolution
		SolutionGuid = {6F928297-7456-4FF5-92AD-A2301E223F2C}
	EndGlobalSection
EndGlobal
